[ "ex_doc": {:git, "git://github.com/elixir-lang/ex_doc.git", "aecbe8cf755fc81d76e2924d69a33642b7945af9", []},
  "jsex": {:git, "git://github.com/talentdeficit/jsex.git", "1e89a76f770e14bbbd1b5bebfc05312a984f21a4", []},
  "jsx": {:git, "git://github.com/talentdeficit/jsx.git", "e50af6e109cb03bd26acf715cbc77de746507d1d", [{:tag, "v1.4.3"}]} ]
