[ "ex_doc": {:git, "git://github.com/elixir-lang/ex_doc.git", "e6386d3f81a9d46bbd9b6f3e4f7c5f1273f465f1", []},
  "jsex": {:git, "git://github.com/raycmorgan/jsex.git", "3d648abd487810a01bd108be367269710a13d6a0", []},
  "jsx": {:git, "git://github.com/talentdeficit/jsx.git", "e50af6e109cb03bd26acf715cbc77de746507d1d", [tag: "v1.4.3"]} ]
